{
  "version": 4,
  "terraform_version": "1.5.5",
  "serial": 5,
  "lineage": "5f849e00-3728-ee5d-8999-693acb026fe5",
  "outputs": {},
  "resources": [
    {
      "mode": "managed",
      "type": "databricks_job",
      "name": "ingest_weather_job",
      "provider": "provider[\"registry.terraform.io/databricks/databricks\"]",
      "instances": [
        {
          "schema_version": 2,
          "attributes": {
            "always_running": false,
            "budget_policy_id": null,
            "continuous": [],
            "control_run_state": false,
            "dbt_task": [],
            "deployment": [
              {
                "kind": "BUNDLE",
                "metadata_file_path": "/Workspace/Users/hma68@hotmail.com/.bundle/weather-pipeline/dev/state/metadata.json"
              }
            ],
            "description": null,
            "edit_mode": "UI_LOCKED",
            "email_notifications": [
              {
                "no_alert_for_skipped_runs": false,
                "on_duration_warning_threshold_exceeded": [],
                "on_failure": [],
                "on_start": [],
                "on_streaming_backlog_exceeded": [],
                "on_success": []
              }
            ],
            "environment": [
              {
                "environment_key": "default",
                "spec": [
                  {
                    "base_environment": "",
                    "client": "",
                    "dependencies": [],
                    "environment_version": "2",
                    "java_dependencies": []
                  }
                ]
              }
            ],
            "existing_cluster_id": null,
            "format": "MULTI_TASK",
            "git_source": [],
            "health": [],
            "id": "90286830365826",
            "job_cluster": [],
            "library": [],
            "max_concurrent_runs": 1,
            "max_retries": 0,
            "min_retry_interval_millis": 0,
            "name": "ingest-weather-dev",
            "new_cluster": [],
            "notebook_task": [],
            "notification_settings": [],
            "parameter": [],
            "performance_target": null,
            "pipeline_task": [],
            "provider_config": [],
            "python_wheel_task": [],
            "queue": [
              {
                "enabled": true
              }
            ],
            "retry_on_timeout": false,
            "run_as": [
              {
                "group_name": "",
                "service_principal_name": "",
                "user_name": "hma68@hotmail.com"
              }
            ],
            "run_job_task": [],
            "schedule": [
              {
                "pause_status": "PAUSED",
                "quartz_cron_expression": "0 0 * * * ?",
                "timezone_id": "UTC"
              }
            ],
            "spark_jar_task": [],
            "spark_python_task": [],
            "spark_submit_task": [],
            "tags": null,
            "task": [
              {
                "clean_rooms_notebook_task": [],
                "compute": [],
                "condition_task": [],
                "dashboard_task": [],
                "dbt_cloud_task": [],
                "dbt_platform_task": [],
                "dbt_task": [],
                "depends_on": [],
                "description": "",
                "disable_auto_optimization": false,
                "disabled": false,
                "email_notifications": [
                  {
                    "no_alert_for_skipped_runs": false,
                    "on_duration_warning_threshold_exceeded": [],
                    "on_failure": [],
                    "on_start": [],
                    "on_streaming_backlog_exceeded": [],
                    "on_success": []
                  }
                ],
                "environment_key": "default",
                "existing_cluster_id": "",
                "for_each_task": [],
                "gen_ai_compute_task": [],
                "health": [],
                "job_cluster_key": "",
                "library": [],
                "max_retries": 0,
                "min_retry_interval_millis": 0,
                "new_cluster": [],
                "notebook_task": [],
                "notification_settings": [],
                "pipeline_task": [],
                "power_bi_task": [],
                "python_wheel_task": [],
                "retry_on_timeout": false,
                "run_if": "ALL_SUCCESS",
                "run_job_task": [],
                "spark_jar_task": [],
                "spark_python_task": [
                  {
                    "parameters": [
                      "--catalog",
                      "dev"
                    ],
                    "python_file": "/Workspace/Users/hma68@hotmail.com/.bundle/weather-pipeline/dev/files/src/weather_api.py",
                    "source": "WORKSPACE"
                  }
                ],
                "spark_submit_task": [],
                "sql_task": [],
                "task_key": "ingest_weather",
                "timeout_seconds": 0,
                "webhook_notifications": []
              }
            ],
            "timeout_seconds": 0,
            "timeouts": null,
            "trigger": [],
            "url": "https://dbc-3a9c6033-1f4e.cloud.databricks.com/#job/90286830365826",
            "usage_policy_id": null,
            "webhook_notifications": [
              {
                "on_duration_warning_threshold_exceeded": [],
                "on_failure": [],
                "on_start": [],
                "on_streaming_backlog_exceeded": [],
                "on_success": []
              }
            ]
          },
          "sensitive_attributes": [],
          "private": "eyJlMmJmYjczMC1lY2FhLTExZTYtOGY4OC0zNDM2M2JjN2M0YzAiOnsiY3JlYXRlIjoxODAwMDAwMDAwMDAwLCJ1cGRhdGUiOjE4MDAwMDAwMDAwMDB9LCJzY2hlbWFfdmVyc2lvbiI6IjIifQ=="
        }
      ]
    }
  ],
  "check_results": null
}
