{
  "version": 4,
  "terraform_version": "1.5.5",
  "serial": 13,
  "lineage": "a8b772af-adc5-2c49-8c92-1587b1a51232",
  "outputs": {},
  "resources": [
    {
      "mode": "managed",
      "type": "databricks_job",
      "name": "book_orders_job",
      "provider": "provider[\"registry.terraform.io/databricks/databricks\"]",
      "instances": [
        {
          "schema_version": 2,
          "attributes": {
            "always_running": false,
            "budget_policy_id": null,
            "continuous": [],
            "control_run_state": false,
            "dbt_task": [],
            "deployment": [
              {
                "kind": "BUNDLE",
                "metadata_file_path": "/Workspace/Users/hma68@hotmail.com/.bundle/book_orders_project/dev/state/metadata.json"
              }
            ],
            "description": null,
            "edit_mode": "UI_LOCKED",
            "email_notifications": [
              {
                "no_alert_for_skipped_runs": false,
                "on_duration_warning_threshold_exceeded": [],
                "on_failure": [],
                "on_start": [],
                "on_streaming_backlog_exceeded": [],
                "on_success": []
              }
            ],
            "environment": [],
            "existing_cluster_id": null,
            "format": "MULTI_TASK",
            "git_source": [],
            "health": [],
            "id": "915369795632739",
            "job_cluster": [],
            "library": [],
            "max_concurrent_runs": 1,
            "max_retries": 0,
            "min_retry_interval_millis": 0,
            "name": "[dev hma68] Book_orders_job_dab",
            "new_cluster": [],
            "notebook_task": [],
            "notification_settings": [],
            "parameter": [],
            "performance_target": "PERFORMANCE_OPTIMIZED",
            "pipeline_task": [],
            "provider_config": [],
            "python_wheel_task": [],
            "queue": [
              {
                "enabled": true
              }
            ],
            "retry_on_timeout": false,
            "run_as": [
              {
                "service_principal_name": "",
                "user_name": "hma68@hotmail.com"
              }
            ],
            "run_job_task": [],
            "schedule": [],
            "spark_jar_task": [],
            "spark_python_task": [],
            "spark_submit_task": [],
            "tags": {
              "dev": "hma68"
            },
            "task": [
              {
                "clean_rooms_notebook_task": [],
                "condition_task": [],
                "dashboard_task": [],
                "dbt_cloud_task": [],
                "dbt_platform_task": [],
                "dbt_task": [],
                "depends_on": [
                  {
                    "outcome": "",
                    "task_key": "Transform_Book_orders"
                  }
                ],
                "description": "",
                "disable_auto_optimization": false,
                "disabled": false,
                "email_notifications": [
                  {
                    "no_alert_for_skipped_runs": false,
                    "on_duration_warning_threshold_exceeded": [],
                    "on_failure": [],
                    "on_start": [],
                    "on_streaming_backlog_exceeded": [],
                    "on_success": []
                  }
                ],
                "environment_key": "",
                "existing_cluster_id": "",
                "for_each_task": [],
                "gen_ai_compute_task": [],
                "health": [],
                "job_cluster_key": "",
                "library": [],
                "max_retries": 0,
                "min_retry_interval_millis": 0,
                "new_cluster": [],
                "notebook_task": [
                  {
                    "base_parameters": {},
                    "notebook_path": "/Workspace/Users/hma68@hotmail.com/.bundle/book_orders_project/dev/files/resources/src/job_finish",
                    "source": "WORKSPACE",
                    "warehouse_id": ""
                  }
                ],
                "notification_settings": [],
                "pipeline_task": [],
                "power_bi_task": [],
                "python_wheel_task": [],
                "retry_on_timeout": false,
                "run_if": "ALL_SUCCESS",
                "run_job_task": [],
                "spark_jar_task": [],
                "spark_python_task": [],
                "spark_submit_task": [],
                "sql_task": [],
                "task_key": "Finish_Task",
                "timeout_seconds": 0,
                "webhook_notifications": []
              },
              {
                "clean_rooms_notebook_task": [],
                "condition_task": [],
                "dashboard_task": [],
                "dbt_cloud_task": [],
                "dbt_platform_task": [],
                "dbt_task": [],
                "depends_on": [
                  {
                    "outcome": "",
                    "task_key": "start_job"
                  }
                ],
                "description": "",
                "disable_auto_optimization": false,
                "disabled": false,
                "email_notifications": [
                  {
                    "no_alert_for_skipped_runs": false,
                    "on_duration_warning_threshold_exceeded": [],
                    "on_failure": [],
                    "on_start": [],
                    "on_streaming_backlog_exceeded": [],
                    "on_success": []
                  }
                ],
                "environment_key": "",
                "existing_cluster_id": "",
                "for_each_task": [],
                "gen_ai_compute_task": [],
                "health": [],
                "job_cluster_key": "",
                "library": [],
                "max_retries": 1,
                "min_retry_interval_millis": 900000,
                "new_cluster": [],
                "notebook_task": [],
                "notification_settings": [],
                "pipeline_task": [
                  {
                    "full_refresh": false,
                    "pipeline_id": "07c460bb-d622-49cb-b6d6-e37aa23f233a"
                  }
                ],
                "power_bi_task": [],
                "python_wheel_task": [],
                "retry_on_timeout": false,
                "run_if": "ALL_SUCCESS",
                "run_job_task": [],
                "spark_jar_task": [],
                "spark_python_task": [],
                "spark_submit_task": [],
                "sql_task": [],
                "task_key": "Transform_Book_orders",
                "timeout_seconds": 0,
                "webhook_notifications": [
                  {
                    "on_duration_warning_threshold_exceeded": [],
                    "on_failure": [],
                    "on_start": [],
                    "on_streaming_backlog_exceeded": [],
                    "on_success": []
                  }
                ]
              },
              {
                "clean_rooms_notebook_task": [],
                "condition_task": [],
                "dashboard_task": [],
                "dbt_cloud_task": [],
                "dbt_platform_task": [],
                "dbt_task": [],
                "depends_on": [],
                "description": "",
                "disable_auto_optimization": false,
                "disabled": false,
                "email_notifications": [
                  {
                    "no_alert_for_skipped_runs": false,
                    "on_duration_warning_threshold_exceeded": [],
                    "on_failure": [
                      "hma68@hotmail.com"
                    ],
                    "on_start": [],
                    "on_streaming_backlog_exceeded": [],
                    "on_success": []
                  }
                ],
                "environment_key": "",
                "existing_cluster_id": "",
                "for_each_task": [],
                "gen_ai_compute_task": [],
                "health": [],
                "job_cluster_key": "",
                "library": [],
                "max_retries": 0,
                "min_retry_interval_millis": 0,
                "new_cluster": [],
                "notebook_task": [
                  {
                    "base_parameters": {},
                    "notebook_path": "/Workspace/Users/hma68@hotmail.com/.bundle/book_orders_project/dev/files/resources/src/job_start",
                    "source": "WORKSPACE",
                    "warehouse_id": ""
                  }
                ],
                "notification_settings": [
                  {
                    "alert_on_last_attempt": false,
                    "no_alert_for_canceled_runs": false,
                    "no_alert_for_skipped_runs": false
                  }
                ],
                "pipeline_task": [],
                "power_bi_task": [],
                "python_wheel_task": [],
                "retry_on_timeout": false,
                "run_if": "ALL_SUCCESS",
                "run_job_task": [],
                "spark_jar_task": [],
                "spark_python_task": [],
                "spark_submit_task": [],
                "sql_task": [],
                "task_key": "start_job",
                "timeout_seconds": 0,
                "webhook_notifications": [
                  {
                    "on_duration_warning_threshold_exceeded": [],
                    "on_failure": [],
                    "on_start": [],
                    "on_streaming_backlog_exceeded": [],
                    "on_success": []
                  }
                ]
              }
            ],
            "timeout_seconds": 0,
            "timeouts": null,
            "trigger": [],
            "url": "https://dbc-3a9c6033-1f4e.cloud.databricks.com/#job/915369795632739",
            "usage_policy_id": null,
            "webhook_notifications": [
              {
                "on_duration_warning_threshold_exceeded": [],
                "on_failure": [],
                "on_start": [],
                "on_streaming_backlog_exceeded": [],
                "on_success": []
              }
            ]
          },
          "sensitive_attributes": [],
          "private": "eyJlMmJmYjczMC1lY2FhLTExZTYtOGY4OC0zNDM2M2JjN2M0YzAiOnsiY3JlYXRlIjoxODAwMDAwMDAwMDAwLCJ1cGRhdGUiOjE4MDAwMDAwMDAwMDB9LCJzY2hlbWFfdmVyc2lvbiI6IjIifQ=="
        }
      ]
    },
    {
      "mode": "managed",
      "type": "databricks_permissions",
      "name": "pipeline_dlt_china",
      "provider": "provider[\"registry.terraform.io/databricks/databricks\"]",
      "instances": [
        {
          "schema_version": 0,
          "attributes": {
            "access_control": [
              {
                "group_name": "",
                "permission_level": "IS_OWNER",
                "service_principal_name": "",
                "user_name": "hma68@hotmail.com"
              }
            ],
            "alert_v2_id": null,
            "app_name": null,
            "authorization": null,
            "cluster_id": null,
            "cluster_policy_id": null,
            "dashboard_id": null,
            "database_instance_name": null,
            "directory_id": null,
            "directory_path": null,
            "experiment_id": null,
            "id": "/pipelines/190a06ec-3905-4b71-beff-5c0903f18215",
            "instance_pool_id": null,
            "job_id": null,
            "notebook_id": null,
            "notebook_path": null,
            "object_type": "pipelines",
            "pipeline_id": "190a06ec-3905-4b71-beff-5c0903f18215",
            "registered_model_id": null,
            "repo_id": null,
            "repo_path": null,
            "serving_endpoint_id": null,
            "sql_alert_id": null,
            "sql_dashboard_id": null,
            "sql_endpoint_id": null,
            "sql_query_id": null,
            "vector_search_endpoint_id": null,
            "workspace_file_id": null,
            "workspace_file_path": null
          },
          "sensitive_attributes": [],
          "private": "bnVsbA==",
          "dependencies": [
            "databricks_pipeline.dlt_china"
          ]
        }
      ]
    },
    {
      "mode": "managed",
      "type": "databricks_pipeline",
      "name": "dlt_china",
      "provider": "provider[\"registry.terraform.io/databricks/databricks\"]",
      "instances": [
        {
          "schema_version": 0,
          "attributes": {
            "allow_duplicate_names": false,
            "budget_policy_id": null,
            "catalog": "hilton_hotmail",
            "cause": null,
            "channel": "CURRENT",
            "cluster": [],
            "cluster_id": null,
            "configuration": {
              "dataset_path": "/Volumes/hilton_catalog/bronze/dataset",
              "spark.databricks.delta.autoCompact.enabled": "true",
              "spark.databricks.delta.optimizeWrite.enabled": "true",
              "spark.sql.adaptive.coalescePartitions.enabled": "true",
              "spark.sql.adaptive.enabled": "true"
            },
            "continuous": false,
            "creator_user_name": "hma68@hotmail.com",
            "deployment": [
              {
                "kind": "BUNDLE",
                "metadata_file_path": "/Workspace/Users/hma68@hotmail.com/.bundle/book_orders_project/dev/state/metadata.json"
              }
            ],
            "development": true,
            "edition": "ADVANCED",
            "environment": [],
            "event_log": [],
            "expected_last_modified": 0,
            "filters": [],
            "gateway_definition": [],
            "health": null,
            "id": "190a06ec-3905-4b71-beff-5c0903f18215",
            "ingestion_definition": [],
            "last_modified": 1767126216179,
            "latest_updates": [
              {
                "creation_time": "2025-12-30T20:09:58.322Z",
                "state": "FAILED",
                "update_id": "4166bc48-2e18-42a8-aaba-72a665172778"
              },
              {
                "creation_time": "2025-12-30T19:03:51.593Z",
                "state": "FAILED",
                "update_id": "61487e09-98a8-49a6-9196-47ca1916e042"
              }
            ],
            "library": [
              {
                "file": [],
                "glob": [
                  {
                    "include": "/Workspace/Users/hma68@hotmail.com/.bundle/book_orders_project/dev/files/resources/src/dlt.ipynb"
                  }
                ],
                "jar": "",
                "maven": [],
                "notebook": [],
                "whl": ""
              },
              {
                "file": [],
                "glob": [
                  {
                    "include": "/Workspace/Users/hma68@hotmail.com/.bundle/book_orders_project/dev/files/resources/src/cdc.ipynb"
                  }
                ],
                "jar": "",
                "maven": [],
                "notebook": [],
                "whl": ""
              }
            ],
            "name": "[dev hma68] dlt China dab",
            "notification": [],
            "photon": true,
            "restart_window": [],
            "root_path": "/Workspace/Users/hma68@hotmail.com/.bundle/book_orders_project/dev/files/resources/src",
            "run_as": [],
            "run_as_user_name": "hma68@hotmail.com",
            "schema": "",
            "serverless": true,
            "state": "IDLE",
            "storage": null,
            "tags": {
              "dev": "hma68"
            },
            "target": "",
            "timeouts": null,
            "trigger": [],
            "url": "https://dbc-3a9c6033-1f4e.cloud.databricks.com/#joblist/pipelines/190a06ec-3905-4b71-beff-5c0903f18215",
            "usage_policy_id": null
          },
          "sensitive_attributes": [],
          "private": "eyJlMmJmYjczMC1lY2FhLTExZTYtOGY4OC0zNDM2M2JjN2M0YzAiOnsiY3JlYXRlIjoxMjAwMDAwMDAwMDAwLCJkZWZhdWx0IjoxMjAwMDAwMDAwMDAwLCJkZWxldGUiOjEyMDAwMDAwMDAwMDAsInJlYWQiOjEyMDAwMDAwMDAwMDAsInVwZGF0ZSI6MTIwMDAwMDAwMDAwMH19"
        }
      ]
    }
  ],
  "check_results": null
}
